
Microsoft Visual Studio Solution File, Format Version 12.00
# Visual Studio Version 17
VisualStudioVersion = 17.13.35825.156 d17.13
MinimumVisualStudioVersion = 10.0.40219.1
Project("{FAE04EC0-301F-11D3-BF4B-00C04F79EFBC}") = "CapaEntidad", "CapaEntidad\CapaEntidad.csproj", "{64E942A2-2DA0-44EB-BDF2-AAF175FE489A}"
EndProject
Project("{FAE04EC0-301F-11D3-BF4B-00C04F79EFBC}") = "CapaDatos", "CapaDatos\CapaDatos.csproj", "{0FF91EAE-EDD1-45DE-81C8-68290E79A50A}"
EndProject
Project("{FAE04EC0-301F-11D3-BF4B-00C04F79EFBC}") = "CapaNegocios", "CapaNegocios\CapaNegocios.csproj", "{88642A61-602D-4470-955A-2939CE12A2C8}"
EndProject
Project("{FAE04EC0-301F-11D3-BF4B-00C04F79EFBC}") = "CapaPresentacion", "CapaPresentacion\CapaPresentacion.csproj", "{7B5F8A60-2522-40EA-99E2-7A101F9DD781}"
EndProject
Global
	GlobalSection(SolutionConfigurationPlatforms) = preSolution
		Debug|Any CPU = Debug|Any CPU
		Release|Any CPU = Release|Any CPU
	EndGlobalSection
	GlobalSection(ProjectConfigurationPlatforms) = postSolution
		{64E942A2-2DA0-44EB-BDF2-AAF175FE489A}.Debug|Any CPU.ActiveCfg = Debug|Any CPU
		{64E942A2-2DA0-44EB-BDF2-AAF175FE489A}.Debug|Any CPU.Build.0 = Debug|Any CPU
		{64E942A2-2DA0-44EB-BDF2-AAF175FE489A}.Release|Any CPU.ActiveCfg = Release|Any CPU
		{64E942A2-2DA0-44EB-BDF2-AAF175FE489A}.Release|Any CPU.Build.0 = Release|Any CPU
		{0FF91EAE-EDD1-45DE-81C8-68290E79A50A}.Debug|Any CPU.ActiveCfg = Debug|Any CPU
		{0FF91EAE-EDD1-45DE-81C8-68290E79A50A}.Debug|Any CPU.Build.0 = Debug|Any CPU
		{0FF91EAE-EDD1-45DE-81C8-68290E79A50A}.Release|Any CPU.ActiveCfg = Release|Any CPU
		{0FF91EAE-EDD1-45DE-81C8-68290E79A50A}.Release|Any CPU.Build.0 = Release|Any CPU
		{88642A61-602D-4470-955A-2939CE12A2C8}.Debug|Any CPU.ActiveCfg = Debug|Any CPU
		{88642A61-602D-4470-955A-2939CE12A2C8}.Debug|Any CPU.Build.0 = Debug|Any CPU
		{88642A61-602D-4470-955A-2939CE12A2C8}.Release|Any CPU.ActiveCfg = Release|Any CPU
		{88642A61-602D-4470-955A-2939CE12A2C8}.Release|Any CPU.Build.0 = Release|Any CPU
		{7B5F8A60-2522-40EA-99E2-7A101F9DD781}.Debug|Any CPU.ActiveCfg = Debug|Any CPU
		{7B5F8A60-2522-40EA-99E2-7A101F9DD781}.Debug|Any CPU.Build.0 = Debug|Any CPU
		{7B5F8A60-2522-40EA-99E2-7A101F9DD781}.Release|Any CPU.ActiveCfg = Release|Any CPU
		{7B5F8A60-2522-40EA-99E2-7A101F9DD781}.Release|Any CPU.Build.0 = Release|Any CPU
	EndGlobalSection
	GlobalSection(SolutionProperties) = preSolution
		HideSolutionNode = FALSE
	EndGlobalSection
	GlobalSection(ExtensibilityGlobals) = postSolution
		SolutionGuid = {479F043B-27B2-48EC-85BB-E453DF2B2E14}
	EndGlobalSection
EndGlobal
